
Microsoft Visual Studio Solution File, Format Version 12.00
# Visual Studio Version 17
VisualStudioVersion = 17.8.34322.80
MinimumVisualStudioVersion = 10.0.40219.1
Project("{FAE04EC0-301F-11D3-BF4B-00C04F79EFBC}") = "NOT!", "NOT!\NOT!.csproj", "{637DFB8F-A849-4F46-B236-7EDB126A4B6F}"
EndProject
Global
	GlobalSection(SolutionConfigurationPlatforms) = preSolution
		Debug|Any CPU = Debug|Any CPU
		Release|Any CPU = Release|Any CPU
	EndGlobalSection
	GlobalSection(ProjectConfigurationPlatforms) = postSolution
		{637DFB8F-A849-4F46-B236-7EDB126A4B6F}.Debug|Any CPU.ActiveCfg = Debug|Any CPU
		{637DFB8F-A849-4F46-B236-7EDB126A4B6F}.Debug|Any CPU.Build.0 = Debug|Any CPU
		{637DFB8F-A849-4F46-B236-7EDB126A4B6F}.Release|Any CPU.ActiveCfg = Release|Any CPU
		{637DFB8F-A849-4F46-B236-7EDB126A4B6F}.Release|Any CPU.Build.0 = Release|Any CPU
	EndGlobalSection
	GlobalSection(SolutionProperties) = preSolution
		HideSolutionNode = FALSE
	EndGlobalSection
	GlobalSection(ExtensibilityGlobals) = postSolution
		SolutionGuid = {C4B746ED-FC87-4550-ADC4-F11D6FE724D7}
	EndGlobalSection
EndGlobal
